// !$*UTF8*$!
{
	archiveVersion = 1;
	classes = {
	};
	objectVersion = 55;
	objects = {

/* Begin PBXBuildFile section */
		BD631C2228A42990005BDA29 /* AppDelegate.swift in Sources */ = {isa = PBXBuildFile; fileRef = BD631C2128A42990005BDA29 /* AppDelegate.swift */; };
		BD631C2428A42990005BDA29 /* SceneDelegate.swift in Sources */ = {isa = PBXBuildFile; fileRef = BD631C2328A42990005BDA29 /* SceneDelegate.swift */; };
		BD631C2628A42990005BDA29 /* ViewController.swift in Sources */ = {isa = PBXBuildFile; fileRef = BD631C2528A42990005BDA29 /* ViewController.swift */; };
		BD631C2928A42990005BDA29 /* Main.storyboard in Resources */ = {isa = PBXBuildFile; fileRef = BD631C2728A42990005BDA29 /* Main.storyboard */; };
		BD631C2C28A42990005BDA29 /* AO.xcdatamodeld in Sources */ = {isa = PBXBuildFile; fileRef = BD631C2A28A42990005BDA29 /* AO.xcdatamodeld */; };
		BD631C2E28A42991005BDA29 /* Assets.xcassets in Resources */ = {isa = PBXBuildFile; fileRef = BD631C2D28A42991005BDA29 /* Assets.xcassets */; };
		BD631C3128A42991005BDA29 /* LaunchScreen.storyboard in Resources */ = {isa = PBXBuildFile; fileRef = BD631C2F28A42991005BDA29 /* LaunchScreen.storyboard */; };
		BD631C3C28A42991005BDA29 /* AOTests.swift in Sources */ = {isa = PBXBuildFile; fileRef = BD631C3B28A42991005BDA29 /* AOTests.swift */; };
		BD631C4628A42991005BDA29 /* AOUITests.swift in Sources */ = {isa = PBXBuildFile; fileRef = BD631C4528A42991005BDA29 /* AOUITests.swift */; };
		BD631C4828A42991005BDA29 /* AOUITestsLaunchTests.swift in Sources */ = {isa = PBXBuildFile; fileRef = BD631C4728A42991005BDA29 /* AOUITestsLaunchTests.swift */; };
/* End PBXBuildFile section */

/* Begin PBXContainerItemProxy section */
		BD631C3828A42991005BDA29 /* PBXContainerItemProxy */ = {
			isa = PBXContainerItemProxy;
			containerPortal = BD631C1628A42990005BDA29 /* Project object */;
			proxyType = 1;
			remoteGlobalIDString = BD631C1D28A42990005BDA29;
			remoteInfo = AO;
		};
		BD631C4228A42991005BDA29 /* PBXContainerItemProxy */ = {
			isa = PBXContainerItemProxy;
			containerPortal = BD631C1628A42990005BDA29 /* Project object */;
			proxyType = 1;
			remoteGlobalIDString = BD631C1D28A42990005BDA29;
			remoteInfo = AO;
		};
/* End PBXContainerItemProxy section */

/* Begin PBXFileReference section */
		BD631C1E28A42990005BDA29 /* AO.app */ = {isa = PBXFileReference; explicitFileType = wrapper.application; includeInIndex = 0; path = AO.app; sourceTree = BUILT_PRODUCTS_DIR; };
		BD631C2128A42990005BDA29 /* AppDelegate.swift */ = {isa = PBXFileReference; lastKnownFileType = sourcecode.swift; path = AppDelegate.swift; sourceTree = "<group>"; };
		BD631C2328A42990005BDA29 /* SceneDelegate.swift */ = {isa = PBXFileReference; lastKnownFileType = sourcecode.swift; path = SceneDelegate.swift; sourceTree = "<group>"; };
		BD631C2528A42990005BDA29 /* ViewController.swift */ = {isa = PBXFileReference; lastKnownFileType = sourcecode.swift; path = ViewController.swift; sourceTree = "<group>"; };
		BD631C2828A42990005BDA29 /* Base */ = {isa = PBXFileReference; lastKnownFileType = file.storyboard; name = Base; path = Base.lproj/Main.storyboard; sourceTree = "<group>"; };
		BD631C2B28A42990005BDA29 /* AO.xcdatamodel */ = {isa = PBXFileReference; lastKnownFileType = wrapper.xcdatamodel; path = AO.xcdatamodel; sourceTree = "<group>"; };
		BD631C2D28A42991005BDA29 /* Assets.xcassets */ = {isa = PBXFileReference; lastKnownFileType = folder.assetcatalog; path = Assets.xcassets; sourceTree = "<group>"; };
		BD631C3028A42991005BDA29 /* Base */ = {isa = PBXFileReference; lastKnownFileType = file.storyboard; name = Base; path = Base.lproj/LaunchScreen.storyboard; sourceTree = "<group>"; };
		BD631C3228A42991005BDA29 /* Info.plist */ = {isa = PBXFileReference; lastKnownFileType = text.plist.xml; path = Info.plist; sourceTree = "<group>"; };
		BD631C3728A42991005BDA29 /* AOTests.xctest */ = {isa = PBXFileReference; explicitFileType = wrapper.cfbundle; includeInIndex = 0; path = AOTests.xctest; sourceTree = BUILT_PRODUCTS_DIR; };
		BD631C3B28A42991005BDA29 /* AOTests.swift */ = {isa = PBXFileReference; lastKnownFileType = sourcecode.swift; path = AOTests.swift; sourceTree = "<group>"; };
		BD631C4128A42991005BDA29 /* AOUITests.xctest */ = {isa = PBXFileReference; explicitFileType = wrapper.cfbundle; includeInIndex = 0; path = AOUITests.xctest; sourceTree = BUILT_PRODUCTS_DIR; };
		BD631C4528A42991005BDA29 /* AOUITests.swift */ = {isa = PBXFileReference; lastKnownFileType = sourcecode.swift; path = AOUITests.swift; sourceTree = "<group>"; };
		BD631C4728A42991005BDA29 /* AOUITestsLaunchTests.swift */ = {isa = PBXFileReference; lastKnownFileType = sourcecode.swift; path = AOUITestsLaunchTests.swift; sourceTree = "<group>"; };
/* End PBXFileReference section */

/* Begin PBXFrameworksBuildPhase section */
		BD631C1B28A42990005BDA29 /* Frameworks */ = {
			isa = PBXFrameworksBuildPhase;
			buildActionMask = 2147483647;
			files = (
			);
			runOnlyForDeploymentPostprocessing = 0;
		};
		BD631C3428A42991005BDA29 /* Frameworks */ = {
			isa = PBXFrameworksBuildPhase;
			buildActionMask = 2147483647;
			files = (
			);
			runOnlyForDeploymentPostprocessing = 0;
		};
		BD631C3E28A42991005BDA29 /* Frameworks */ = {
			isa = PBXFrameworksBuildPhase;
			buildActionMask = 2147483647;
			files = (
			);
			runOnlyForDeploymentPostprocessing = 0;
		};
/* End PBXFrameworksBuildPhase section */

/* Begin PBXGroup section */
		BD631C1528A42990005BDA29 = {
			isa = PBXGroup;
			children = (
				BD631C2028A42990005BDA29 /* AO */,
				BD631C3A28A42991005BDA29 /* AOTests */,
				BD631C4428A42991005BDA29 /* AOUITests */,
				BD631C1F28A42990005BDA29 /* Products */,
			);
			sourceTree = "<group>";
		};
		BD631C1F28A42990005BDA29 /* Products */ = {
			isa = PBXGroup;
			children = (
				BD631C1E28A42990005BDA29 /* AO.app */,
				BD631C3728A42991005BDA29 /* AOTests.xctest */,
				BD631C4128A42991005BDA29 /* AOUITests.xctest */,
			);
			name = Products;
			sourceTree = "<group>";
		};
		BD631C2028A42990005BDA29 /* AO */ = {
			isa = PBXGroup;
			children = (
				BD631C2128A42990005BDA29 /* AppDelegate.swift */,
				BD631C2328A42990005BDA29 /* SceneDelegate.swift */,
				BD631C2528A42990005BDA29 /* ViewController.swift */,
				BD631C2728A42990005BDA29 /* Main.storyboard */,
				BD631C2D28A42991005BDA29 /* Assets.xcassets */,
				BD631C2F28A42991005BDA29 /* LaunchScreen.storyboard */,
				BD631C3228A42991005BDA29 /* Info.plist */,
				BD631C2A28A42990005BDA29 /* AO.xcdatamodeld */,
			);
			path = AO;
			sourceTree = "<group>";
		};
		BD631C3A28A42991005BDA29 /* AOTests */ = {
			isa = PBXGroup;
			children = (
				BD631C3B28A42991005BDA29 /* AOTests.swift */,
			);
			path = AOTests;
			sourceTree = "<group>";
		};
		BD631C4428A42991005BDA29 /* AOUITests */ = {
			isa = PBXGroup;
			children = (
				BD631C4528A42991005BDA29 /* AOUITests.swift */,
				BD631C4728A42991005BDA29 /* AOUITestsLaunchTests.swift */,
			);
			path = AOUITests;
			sourceTree = "<group>";
		};
/* End PBXGroup section */

/* Begin PBXNativeTarget section */
		BD631C1D28A42990005BDA29 /* AO */ = {
			isa = PBXNativeTarget;
			buildConfigurationList = BD631C4B28A42991005BDA29 /* Build configuration list for PBXNativeTarget "AO" */;
			buildPhases = (
				BD631C1A28A42990005BDA29 /* Sources */,
				BD631C1B28A42990005BDA29 /* Frameworks */,
				BD631C1C28A42990005BDA29 /* Resources */,
			);
			buildRules = (
			);
			dependencies = (
			);
			name = AO;
			productName = AO;
			productReference = BD631C1E28A42990005BDA29 /* AO.app */;
			productType = "com.apple.product-type.application";
		};
		BD631C3628A42991005BDA29 /* AOTests */ = {
			isa = PBXNativeTarget;
			buildConfigurationList = BD631C4E28A42991005BDA29 /* Build configuration list for PBXNativeTarget "AOTests" */;
			buildPhases = (
				BD631C3328A42991005BDA29 /* Sources */,
				BD631C3428A42991005BDA29 /* Frameworks */,
				BD631C3528A42991005BDA29 /* Resources */,
			);
			buildRules = (
			);
			dependencies = (
				BD631C3928A42991005BDA29 /* PBXTargetDependency */,
			);
			name = AOTests;
			productName = AOTests;
			productReference = BD631C3728A42991005BDA29 /* AOTests.xctest */;
			productType = "com.apple.product-type.bundle.unit-test";
		};
		BD631C4028A42991005BDA29 /* AOUITests */ = {
			isa = PBXNativeTarget;
			buildConfigurationList = BD631C5128A42991005BDA29 /* Build configuration list for PBXNativeTarget "AOUITests" */;
			buildPhases = (
				BD631C3D28A42991005BDA29 /* Sources */,
				BD631C3E28A42991005BDA29 /* Frameworks */,
				BD631C3F28A42991005BDA29 /* Resources */,
			);
			buildRules = (
			);
			dependencies = (
				BD631C4328A42991005BDA29 /* PBXTargetDependency */,
			);
			name = AOUITests;
			productName = AOUITests;
			productReference = BD631C4128A42991005BDA29 /* AOUITests.xctest */;
			productType = "com.apple.product-type.bundle.ui-testing";
		};
/* End PBXNativeTarget section */

/* Begin PBXProject section */
		BD631C1628A42990005BDA29 /* Project object */ = {
			isa = PBXProject;
			attributes = {
				BuildIndependentTargetsInParallel = 1;
				LastSwiftUpdateCheck = 1340;
				LastUpgradeCheck = 1340;
				TargetAttributes = {
					BD631C1D28A42990005BDA29 = {
						CreatedOnToolsVersion = 13.4.1;
					};
					BD631C3628A42991005BDA29 = {
						CreatedOnToolsVersion = 13.4.1;
						TestTargetID = BD631C1D28A42990005BDA29;
					};
					BD631C4028A42991005BDA29 = {
						CreatedOnToolsVersion = 13.4.1;
						TestTargetID = BD631C1D28A42990005BDA29;
					};
				};
			};
			buildConfigurationList = BD631C1928A42990005BDA29 /* Build configuration list for PBXProject "AO" */;
			compatibilityVersion = "Xcode 13.0";
			developmentRegion = en;
			hasScannedForEncodings = 0;
			knownRegions = (
				en,
				Base,
			);
			mainGroup = BD631C1528A42990005BDA29;
			productRefGroup = BD631C1F28A42990005BDA29 /* Products */;
			projectDirPath = "";
			projectRoot = "";
			targets = (
				BD631C1D28A42990005BDA29 /* AO */,
				BD631C3628A42991005BDA29 /* AOTests */,
				BD631C4028A42991005BDA29 /* AOUITests */,
			);
		};
/* End PBXProject section */

/* Begin PBXResourcesBuildPhase section */
		BD631C1C28A42990005BDA29 /* Resources */ = {
			isa = PBXResourcesBuildPhase;
			buildActionMask = 2147483647;
			files = (
				BD631C3128A42991005BDA29 /* LaunchScreen.storyboard in Resources */,
				BD631C2E28A42991005BDA29 /* Assets.xcassets in Resources */,
				BD631C2928A42990005BDA29 /* Main.storyboard in Resources */,
			);
			runOnlyForDeploymentPostprocessing = 0;
		};
		BD631C3528A42991005BDA29 /* Resources */ = {
			isa = PBXResourcesBuildPhase;
			buildActionMask = 2147483647;
			files = (
			);
			runOnlyForDeploymentPostprocessing = 0;
		};
		BD631C3F28A42991005BDA29 /* Resources */ = {
			isa = PBXResourcesBuildPhase;
			buildActionMask = 2147483647;
			files = (
			);
			runOnlyForDeploymentPostprocessing = 0;
		};
/* End PBXResourcesBuildPhase section */

/* Begin PBXSourcesBuildPhase section */
		BD631C1A28A42990005BDA29 /* Sources */ = {
			isa = PBXSourcesBuildPhase;
			buildActionMask = 2147483647;
			files = (
				BD631C2628A42990005BDA29 /* ViewController.swift in Sources */,
				BD631C2228A42990005BDA29 /* AppDelegate.swift in Sources */,
				BD631C2428A42990005BDA29 /* SceneDelegate.swift in Sources */,
				BD631C2C28A42990005BDA29 /* AO.xcdatamodeld in Sources */,
			);
			runOnlyForDeploymentPostprocessing = 0;
		};
		BD631C3328A42991005BDA29 /* Sources */ = {
			isa = PBXSourcesBuildPhase;
			buildActionMask = 2147483647;
			files = (
				BD631C3C28A42991005BDA29 /* AOTests.swift in Sources */,
			);
			runOnlyForDeploymentPostprocessing = 0;
		};
		BD631C3D28A42991005BDA29 /* Sources */ = {
			isa = PBXSourcesBuildPhase;
			buildActionMask = 2147483647;
			files = (
				BD631C4828A42991005BDA29 /* AOUITestsLaunchTests.swift in Sources */,
				BD631C4628A42991005BDA29 /* AOUITests.swift in Sources */,
			);
			runOnlyForDeploymentPostprocessing = 0;
		};
/* End PBXSourcesBuildPhase section */

/* Begin PBXTargetDependency section */
		BD631C3928A42991005BDA29 /* PBXTargetDependency */ = {
			isa = PBXTargetDependency;
			target = BD631C1D28A42990005BDA29 /* AO */;
			targetProxy = BD631C3828A42991005BDA29 /* PBXContainerItemProxy */;
		};
		BD631C4328A42991005BDA29 /* PBXTargetDependency */ = {
			isa = PBXTargetDependency;
			target = BD631C1D28A42990005BDA29 /* AO */;
			targetProxy = BD631C4228A42991005BDA29 /* PBXContainerItemProxy */;
		};
/* End PBXTargetDependency section */

/* Begin PBXVariantGroup section */
		BD631C2728A42990005BDA29 /* Main.storyboard */ = {
			isa = PBXVariantGroup;
			children = (
				BD631C2828A42990005BDA29 /* Base */,
			);
			name = Main.storyboard;
			sourceTree = "<group>";
		};
		BD631C2F28A42991005BDA29 /* LaunchScreen.storyboard */ = {
			isa = PBXVariantGroup;
			children = (
				BD631C3028A42991005BDA29 /* Base */,
			);
			name = LaunchScreen.storyboard;
			sourceTree = "<group>";
		};
/* End PBXVariantGroup section */

/* Begin XCBuildConfiguration section */
		BD631C4928A42991005BDA29 /* Debug */ = {
			isa = XCBuildConfiguration;
			buildSettings = {
				ALWAYS_SEARCH_USER_PATHS = NO;
				CLANG_ANALYZER_NONNULL = YES;
				CLANG_ANALYZER_NUMBER_OBJECT_CONVERSION = YES_AGGRESSIVE;
				CLANG_CXX_LANGUAGE_STANDARD = "gnu++17";
				CLANG_ENABLE_MODULES = YES;
				CLANG_ENABLE_OBJC_ARC = YES;
				CLANG_ENABLE_OBJC_WEAK = YES;
				CLANG_WARN_BLOCK_CAPTURE_AUTORELEASING = YES;
				CLANG_WARN_BOOL_CONVERSION = YES;
				CLANG_WARN_COMMA = YES;
				CLANG_WARN_CONSTANT_CONVERSION = YES;
				CLANG_WARN_DEPRECATED_OBJC_IMPLEMENTATIONS = YES;
				CLANG_WARN_DIRECT_OBJC_ISA_USAGE = YES_ERROR;
				CLANG_WARN_DOCUMENTATION_COMMENTS = YES;
				CLANG_WARN_EMPTY_BODY = YES;
				CLANG_WARN_ENUM_CONVERSION = YES;
				CLANG_WARN_INFINITE_RECURSION = YES;
				CLANG_WARN_INT_CONVERSION = YES;
				CLANG_WARN_NON_LITERAL_NULL_CONVERSION = YES;
				CLANG_WARN_OBJC_IMPLICIT_RETAIN_SELF = YES;
				CLANG_WARN_OBJC_LITERAL_CONVERSION = YES;
				CLANG_WARN_OBJC_ROOT_CLASS = YES_ERROR;
				CLANG_WARN_QUOTED_INCLUDE_IN_FRAMEWORK_HEADER = YES;
				CLANG_WARN_RANGE_LOOP_ANALYSIS = YES;
				CLANG_WARN_STRICT_PROTOTYPES = YES;
				CLANG_WARN_SUSPICIOUS_MOVE = YES;
				CLANG_WARN_UNGUARDED_AVAILABILITY = YES_AGGRESSIVE;
				CLANG_WARN_UNREACHABLE_CODE = YES;
				CLANG_WARN__DUPLICATE_METHOD_MATCH = YES;
				COPY_PHASE_STRIP = NO;
				DEBUG_INFORMATION_FORMAT = dwarf;
				ENABLE_STRICT_OBJC_MSGSEND = YES;
				ENABLE_TESTABILITY = YES;
				GCC_C_LANGUAGE_STANDARD = gnu11;
				GCC_DYNAMIC_NO_PIC = NO;
				GCC_NO_COMMON_BLOCKS = YES;
				GCC_OPTIMIZATION_LEVEL = 0;
				GCC_PREPROCESSOR_DEFINITIONS = (
					"DEBUG=1",
					"$(inherited)",
				);
				GCC_WARN_64_TO_32_BIT_CONVERSION = YES;
				GCC_WARN_ABOUT_RETURN_TYPE = YES_ERROR;
				GCC_WARN_UNDECLARED_SELECTOR = YES;
				GCC_WARN_UNINITIALIZED_AUTOS = YES_AGGRESSIVE;
				GCC_WARN_UNUSED_FUNCTION = YES;
				GCC_WARN_UNUSED_VARIABLE = YES;
				IPHONEOS_DEPLOYMENT_TARGET = 15.5;
				MTL_ENABLE_DEBUG_INFO = INCLUDE_SOURCE;
				MTL_FAST_MATH = YES;
				ONLY_ACTIVE_ARCH = YES;
				SDKROOT = iphoneos;
				SWIFT_ACTIVE_COMPILATION_CONDITIONS = DEBUG;
				SWIFT_OPTIMIZATION_LEVEL = "-Onone";
			};
			name = Debug;
		};
		BD631C4A28A42991005BDA29 /* Release */ = {
			isa = XCBuildConfiguration;
			buildSettings = {
				ALWAYS_SEARCH_USER_PATHS = NO;
				CLANG_ANALYZER_NONNULL = YES;
				CLANG_ANALYZER_NUMBER_OBJECT_CONVERSION = YES_AGGRESSIVE;
				CLANG_CXX_LANGUAGE_STANDARD = "gnu++17";
				CLANG_ENABLE_MODULES = YES;
				CLANG_ENABLE_OBJC_ARC = YES;
				CLANG_ENABLE_OBJC_WEAK = YES;
				CLANG_WARN_BLOCK_CAPTURE_AUTORELEASING = YES;
				CLANG_WARN_BOOL_CONVERSION = YES;
				CLANG_WARN_COMMA = YES;
				CLANG_WARN_CONSTANT_CONVERSION = YES;
				CLANG_WARN_DEPRECATED_OBJC_IMPLEMENTATIONS = YES;
				CLANG_WARN_DIRECT_OBJC_ISA_USAGE = YES_ERROR;
				CLANG_WARN_DOCUMENTATION_COMMENTS = YES;
				CLANG_WARN_EMPTY_BODY = YES;
				CLANG_WARN_ENUM_CONVERSION = YES;
				CLANG_WARN_INFINITE_RECURSION = YES;
				CLANG_WARN_INT_CONVERSION = YES;
				CLANG_WARN_NON_LITERAL_NULL_CONVERSION = YES;
				CLANG_WARN_OBJC_IMPLICIT_RETAIN_SELF = YES;
				CLANG_WARN_OBJC_LITERAL_CONVERSION = YES;
				CLANG_WARN_OBJC_ROOT_CLASS = YES_ERROR;
				CLANG_WARN_QUOTED_INCLUDE_IN_FRAMEWORK_HEADER = YES;
				CLANG_WARN_RANGE_LOOP_ANALYSIS = YES;
				CLANG_WARN_STRICT_PROTOTYPES = YES;
				CLANG_WARN_SUSPICIOUS_MOVE = YES;
				CLANG_WARN_UNGUARDED_AVAILABILITY = YES_AGGRESSIVE;
				CLANG_WARN_UNREACHABLE_CODE = YES;
				CLANG_WARN__DUPLICATE_METHOD_MATCH = YES;
				COPY_PHASE_STRIP = NO;
				DEBUG_INFORMATION_FORMAT = "dwarf-with-dsym";
				ENABLE_NS_ASSERTIONS = NO;
				ENABLE_STRICT_OBJC_MSGSEND = YES;
				GCC_C_LANGUAGE_STANDARD = gnu11;
				GCC_NO_COMMON_BLOCKS = YES;
				GCC_WARN_64_TO_32_BIT_CONVERSION = YES;
				GCC_WARN_ABOUT_RETURN_TYPE = YES_ERROR;
				GCC_WARN_UNDECLARED_SELECTOR = YES;
				GCC_WARN_UNINITIALIZED_AUTOS = YES_AGGRESSIVE;
				GCC_WARN_UNUSED_FUNCTION = YES;
				GCC_WARN_UNUSED_VARIABLE = YES;
				IPHONEOS_DEPLOYMENT_TARGET = 15.5;
				MTL_ENABLE_DEBUG_INFO = NO;
				MTL_FAST_MATH = YES;
				SDKROOT = iphoneos;
				SWIFT_COMPILATION_MODE = wholemodule;
				SWIFT_OPTIMIZATION_LEVEL = "-O";
				VALIDATE_PRODUCT = YES;
			};
			name = Release;
		};
		BD631C4C28A42991005BDA29 /* Debug */ = {
			isa = XCBuildConfiguration;
			buildSettings = {
				ASSETCATALOG_COMPILER_APPICON_NAME = AppIcon;
				ASSETCATALOG_COMPILER_GLOBAL_ACCENT_COLOR_NAME = AccentColor;
				CODE_SIGN_STYLE = Automatic;
				CURRENT_PROJECT_VERSION = 1;
				GENERATE_INFOPLIST_FILE = YES;
				INFOPLIST_FILE = AO/Info.plist;
				INFOPLIST_KEY_UIApplicationSupportsIndirectInputEvents = YES;
				INFOPLIST_KEY_UILaunchStoryboardName = LaunchScreen;
				INFOPLIST_KEY_UIMainStoryboardFile = Main;
				INFOPLIST_KEY_UISupportedInterfaceOrientations_iPad = "UIInterfaceOrientationPortrait UIInterfaceOrientationPortraitUpsideDown UIInterfaceOrientationLandscapeLeft UIInterfaceOrientationLandscapeRight";
				INFOPLIST_KEY_UISupportedInterfaceOrientations_iPhone = "UIInterfaceOrientationPortrait UIInterfaceOrientationLandscapeLeft UIInterfaceOrientationLandscapeRight";
				LD_RUNPATH_SEARCH_PATHS = (
					"$(inherited)",
					"@executable_path/Frameworks",
				);
				MARKETING_VERSION = 1.0;
				PRODUCT_BUNDLE_IDENTIFIER = kwk.AO;
				PRODUCT_NAME = "$(TARGET_NAME)";
				SWIFT_EMIT_LOC_STRINGS = YES;
				SWIFT_VERSION = 5.0;
				TARGETED_DEVICE_FAMILY = "1,2";
			};
			name = Debug;
		};
		BD631C4D28A42991005BDA29 /* Release */ = {
			isa = XCBuildConfiguration;
			buildSettings = {
				ASSETCATALOG_COMPILER_APPICON_NAME = AppIcon;
				ASSETCATALOG_COMPILER_GLOBAL_ACCENT_COLOR_NAME = AccentColor;
				CODE_SIGN_STYLE = Automatic;
				CURRENT_PROJECT_VERSION = 1;
				GENERATE_INFOPLIST_FILE = YES;
				INFOPLIST_FILE = AO/Info.plist;
				INFOPLIST_KEY_UIApplicationSupportsIndirectInputEvents = YES;
				INFOPLIST_KEY_UILaunchStoryboardName = LaunchScreen;
				INFOPLIST_KEY_UIMainStoryboardFile = Main;
				INFOPLIST_KEY_UISupportedInterfaceOrientations_iPad = "UIInterfaceOrientationPortrait UIInterfaceOrientationPortraitUpsideDown UIInterfaceOrientationLandscapeLeft UIInterfaceOrientationLandscapeRight";
				INFOPLIST_KEY_UISupportedInterfaceOrientations_iPhone = "UIInterfaceOrientationPortrait UIInterfaceOrientationLandscapeLeft UIInterfaceOrientationLandscapeRight";
				LD_RUNPATH_SEARCH_PATHS = (
					"$(inherited)",
					"@executable_path/Frameworks",
				);
				MARKETING_VERSION = 1.0;
				PRODUCT_BUNDLE_IDENTIFIER = kwk.AO;
				PRODUCT_NAME = "$(TARGET_NAME)";
				SWIFT_EMIT_LOC_STRINGS = YES;
				SWIFT_VERSION = 5.0;
				TARGETED_DEVICE_FAMILY = "1,2";
			};
			name = Release;
		};
		BD631C4F28A42991005BDA29 /* Debug */ = {
			isa = XCBuildConfiguration;
			buildSettings = {
				ALWAYS_EMBED_SWIFT_STANDARD_LIBRARIES = YES;
				BUNDLE_LOADER = "$(TEST_HOST)";
				CODE_SIGN_STYLE = Automatic;
				CURRENT_PROJECT_VERSION = 1;
				GENERATE_INFOPLIST_FILE = YES;
				IPHONEOS_DEPLOYMENT_TARGET = 15.5;
				MARKETING_VERSION = 1.0;
				PRODUCT_BUNDLE_IDENTIFIER = kwk.AOTests;
				PRODUCT_NAME = "$(TARGET_NAME)";
				SWIFT_EMIT_LOC_STRINGS = NO;
				SWIFT_VERSION = 5.0;
				TARGETED_DEVICE_FAMILY = "1,2";
				TEST_HOST = "$(BUILT_PRODUCTS_DIR)/AO.app/AO";
			};
			name = Debug;
		};
		BD631C5028A42991005BDA29 /* Release */ = {
			isa = XCBuildConfiguration;
			buildSettings = {
				ALWAYS_EMBED_SWIFT_STANDARD_LIBRARIES = YES;
				BUNDLE_LOADER = "$(TEST_HOST)";
				CODE_SIGN_STYLE = Automatic;
				CURRENT_PROJECT_VERSION = 1;
				GENERATE_INFOPLIST_FILE = YES;
				IPHONEOS_DEPLOYMENT_TARGET = 15.5;
				MARKETING_VERSION = 1.0;
				PRODUCT_BUNDLE_IDENTIFIER = kwk.AOTests;
				PRODUCT_NAME = "$(TARGET_NAME)";
				SWIFT_EMIT_LOC_STRINGS = NO;
				SWIFT_VERSION = 5.0;
				TARGETED_DEVICE_FAMILY = "1,2";
				TEST_HOST = "$(BUILT_PRODUCTS_DIR)/AO.app/AO";
			};
			name = Release;
		};
		BD631C5228A42991005BDA29 /* Debug */ = {
			isa = XCBuildConfiguration;
			buildSettings = {
				ALWAYS_EMBED_SWIFT_STANDARD_LIBRARIES = YES;
				CODE_SIGN_STYLE = Automatic;
				CURRENT_PROJECT_VERSION = 1;
				GENERATE_INFOPLIST_FILE = YES;
				MARKETING_VERSION = 1.0;
				PRODUCT_BUNDLE_IDENTIFIER = kwk.AOUITests;
				PRODUCT_NAME = "$(TARGET_NAME)";
				SWIFT_EMIT_LOC_STRINGS = NO;
				SWIFT_VERSION = 5.0;
				TARGETED_DEVICE_FAMILY = "1,2";
				TEST_TARGET_NAME = AO;
			};
			name = Debug;
		};
		BD631C5328A42991005BDA29 /* Release */ = {
			isa = XCBuildConfiguration;
			buildSettings = {
				ALWAYS_EMBED_SWIFT_STANDARD_LIBRARIES = YES;
				CODE_SIGN_STYLE = Automatic;
				CURRENT_PROJECT_VERSION = 1;
				GENERATE_INFOPLIST_FILE = YES;
				MARKETING_VERSION = 1.0;
				PRODUCT_BUNDLE_IDENTIFIER = kwk.AOUITests;
				PRODUCT_NAME = "$(TARGET_NAME)";
				SWIFT_EMIT_LOC_STRINGS = NO;
				SWIFT_VERSION = 5.0;
				TARGETED_DEVICE_FAMILY = "1,2";
				TEST_TARGET_NAME = AO;
			};
			name = Release;
		};
/* End XCBuildConfiguration section */

/* Begin XCConfigurationList section */
		BD631C1928A42990005BDA29 /* Build configuration list for PBXProject "AO" */ = {
			isa = XCConfigurationList;
			buildConfigurations = (
				BD631C4928A42991005BDA29 /* Debug */,
				BD631C4A28A42991005BDA29 /* Release */,
			);
			defaultConfigurationIsVisible = 0;
			defaultConfigurationName = Release;
		};
		BD631C4B28A42991005BDA29 /* Build configuration list for PBXNativeTarget "AO" */ = {
			isa = XCConfigurationList;
			buildConfigurations = (
				BD631C4C28A42991005BDA29 /* Debug */,
				BD631C4D28A42991005BDA29 /* Release */,
			);
			defaultConfigurationIsVisible = 0;
			defaultConfigurationName = Release;
		};
		BD631C4E28A42991005BDA29 /* Build configuration list for PBXNativeTarget "AOTests" */ = {
			isa = XCConfigurationList;
			buildConfigurations = (
				BD631C4F28A42991005BDA29 /* Debug */,
				BD631C5028A42991005BDA29 /* Release */,
			);
			defaultConfigurationIsVisible = 0;
			defaultConfigurationName = Release;
		};
		BD631C5128A42991005BDA29 /* Build configuration list for PBXNativeTarget "AOUITests" */ = {
			isa = XCConfigurationList;
			buildConfigurations = (
				BD631C5228A42991005BDA29 /* Debug */,
				BD631C5328A42991005BDA29 /* Release */,
			);
			defaultConfigurationIsVisible = 0;
			defaultConfigurationName = Release;
		};
/* End XCConfigurationList section */

/* Begin XCVersionGroup section */
		BD631C2A28A42990005BDA29 /* AO.xcdatamodeld */ = {
			isa = XCVersionGroup;
			children = (
				BD631C2B28A42990005BDA29 /* AO.xcdatamodel */,
			);
			currentVersion = BD631C2B28A42990005BDA29 /* AO.xcdatamodel */;
			path = AO.xcdatamodeld;
			sourceTree = "<group>";
			versionGroupType = wrapper.xcdatamodel;
		};
/* End XCVersionGroup section */
	};
	rootObject = BD631C1628A42990005BDA29 /* Project object */;
}
